%{
  "artificery": {:hex, :artificery, "0.4.2", "3ded6e29e13113af52811c72f414d1e88f711410cac1b619ab3a2666bbd7efd4", [:mix], [], "hexpm", "514586f4312ef3709a3ccbd8e55f69455add235c1729656687bb781d10d0afdb"},
  "aws_ex_ray": {:hex, :aws_ex_ray, "0.1.15", "1152d8f18862a44c7ef66f50f99bff750ed2b22857462fc6399bedbd99137a5e", [:mix], [{:poison, "~> 3.1", [hex: :poison, repo: "hexpm", optional: false]}, {:poolboy, "~> 1.5", [hex: :poolboy, repo: "hexpm", optional: false]}, {:secure_random, "~> 0.5", [hex: :secure_random, repo: "hexpm", optional: false]}], "hexpm", "b500916eda4bdce3a624727f42e196afdc97b4fec7aceded27fbcfc75caf9840"},
  "benchee": {:hex, :benchee, "1.0.1", "66b211f9bfd84bd97e6d1beaddf8fc2312aaabe192f776e8931cb0c16f53a521", [:mix], [{:deep_merge, "~> 1.0", [hex: :deep_merge, repo: "hexpm", optional: false]}], "hexpm", "3ad58ae787e9c7c94dd7ceda3b587ec2c64604563e049b2a0e8baafae832addb"},
  "bunt": {:hex, :bunt, "0.2.0", "951c6e801e8b1d2cbe58ebbd3e616a869061ddadcc4863d0a2182541acae9a38", [:mix], [], "hexpm", "7af5c7e09fe1d40f76c8e4f9dd2be7cebd83909f31fee7cd0e9eadc567da8353"},
  "cachex": {:hex, :cachex, "3.2.0", "a596476c781b0646e6cb5cd9751af2e2974c3e0d5498a8cab71807618b74fe2f", [:mix], [{:eternal, "~> 1.2", [hex: :eternal, repo: "hexpm", optional: false]}, {:jumper, "~> 1.0", [hex: :jumper, repo: "hexpm", optional: false]}, {:sleeplocks, "~> 1.1", [hex: :sleeplocks, repo: "hexpm", optional: false]}, {:unsafe, "~> 1.0", [hex: :unsafe, repo: "hexpm", optional: false]}], "hexpm", "aef93694067a43697ae0531727e097754a9e992a1e7946296f5969d6dd9ac986"},
  "cowboy": {:hex, :cowboy, "2.5.0", "4ef3ae066ee10fe01ea3272edc8f024347a0d3eb95f6fbb9aed556dacbfc1337", [:rebar3], [{:cowlib, "~> 2.6.0", [hex: :cowlib, repo: "hexpm", optional: false]}, {:ranch, "~> 1.6.2", [hex: :ranch, repo: "hexpm", optional: false]}], "hexpm", "07763d253314bd76017157e3a33e2cd32c1500e0ecf7ceb4e80aa09d2939aa30"},
  "cowlib": {:hex, :cowlib, "2.6.0", "8aa629f81a0fc189f261dc98a42243fa842625feea3c7ec56c48f4ccdb55490f", [:rebar3], [], "hexpm", "45a1a08e05e4c66f2af665295955e337d52c2d33b1f1cf24d353cadeddf34992"},
  "credo": {:hex, :credo, "1.1.5", "caec7a3cadd2e58609d7ee25b3931b129e739e070539ad1a0cd7efeeb47014f4", [:mix], [{:bunt, "~> 0.2.0", [hex: :bunt, repo: "hexpm", optional: false]}, {:jason, "~> 1.0", [hex: :jason, repo: "hexpm", optional: false]}], "hexpm", "d0bbd3222607ccaaac5c0340f7f525c627ae4d7aee6c8c8c108922620c5b6446"},
  "crimpex": {:git, "https://github.com/bbc-news/Crimpex.git", "c73858882286b623dbf22027df7efd94ec029d59", []},
  "deep_merge": {:hex, :deep_merge, "1.0.0", "b4aa1a0d1acac393bdf38b2291af38cb1d4a52806cf7a4906f718e1feb5ee961", [:mix], [], "hexpm", "ce708e5f094b9cd4e8f2be4f00d2f4250c4095be93f8cd6d018c753894885430"},
  "distillery": {:hex, :distillery, "2.1.1", "f9332afc2eec8a1a2b86f22429e068ef35f84a93ea1718265e740d90dd367814", [:mix], [{:artificery, "~> 0.2", [hex: :artificery, repo: "hexpm", optional: false]}], "hexpm", "bbc7008b0161a6f130d8d903b5b3232351fccc9c31a991f8fcbf2a12ace22995"},
  "eljiffy": {:hex, :eljiffy, "1.3.0", "7e584be454c5ec3fc3ae472eedb4cb2185e9ed6cd863df383ef601de3f3b27fd", [:mix], [{:jiffy, "~> 1.0", [hex: :jiffy, repo: "hexpm", optional: false]}], "hexpm", "90420512d60fb45bc9c09221b4d89cc539c9bfefc1c62f24cb3e2cb13acf2215"},
  "eternal": {:hex, :eternal, "1.2.1", "d5b6b2499ba876c57be2581b5b999ee9bdf861c647401066d3eeed111d096bc4", [:mix], [], "hexpm", "b14f1dc204321429479c569cfbe8fb287541184ed040956c8862cb7a677b8406"},
  "ets_cleaner": {:git, "https://github.com/bbc/ets_cleaner.git", "e94fbc6c0465e1467253e63a5c373eb724147ee8", []},
  "ex_aws": {:git, "https://github.com/ex-aws/ex_aws", "9dbb11ce5b9c0c2974b7c86ac32f1dbc983b08a2", [ref: "9dbb11ce5b9c0c2974b7c86ac32f1dbc983b08a2"]},
  "ex_aws_lambda": {:git, "https://github.com/james-bowers/ex_aws_lambda.git", "cf5c72230186e2af76c78230ea23cb5c985ae70f", [branch: "x_ray_trace_id"]},
  "ex_aws_sts": {:git, "https://github.com/ex-aws/ex_aws_sts.git", "b5393dc76a9105558466a89444f4c6afe338cc79", []},
  "ex_metrics": {:git, "https://github.com/bbc/ExMetrics.git", "5ba049349737c009e8493afa22d917a86adfd094", []},
  "gun": {:hex, :gun, "1.3.0", "18e5d269649c987af95aec309f68a27ffc3930531dd227a6eaa0884d6684286e", [:rebar3], [{:cowlib, "~> 2.6.0", [hex: :cowlib, repo: "hexpm", optional: false]}], "hexpm", "279d089773be9886fc2ed0d0c25663cc36b8755356dfd27d63c206ab20b8329a"},
  "jason": {:hex, :jason, "1.2.1", "12b22825e22f468c02eb3e4b9985f3d0cb8dc40b9bd704730efa11abd2708c44", [:mix], [{:decimal, "~> 1.0", [hex: :decimal, repo: "hexpm", optional: true]}], "hexpm"},
  "jiffy": {:hex, :jiffy, "1.0.4", "72adeff75c52a2ff07de738f0813768abe7ce158026cc1115a170340259c0caa", [:rebar3], [], "hexpm", "113e5299ee4e6b9f40204256d7bbbd1caf646edeaef31ef0f7f5f842c0dad39e"},
  "jumper": {:hex, :jumper, "1.0.1", "3c00542ef1a83532b72269fab9f0f0c82bf23a35e27d278bfd9ed0865cecabff", [:mix], [], "hexpm", "318c59078ac220e966d27af3646026db9b5a5e6703cb2aa3e26bcfaba65b7433"},
  "logger_file_backend": {:hex, :logger_file_backend, "0.0.11", "3bbc5f31d3669e8d09d7a9443e86056fae7fc18e45c6f748c33b8c79a7e147a1", [:mix], [], "hexpm", "62be826f04644c62b0a2bc98a13e2e7ae52c0a4eda020f4c59d7287356d5e445"},
  "machine_gun": {:hex, :machine_gun, "0.1.6", "78bd2b157bb7f02c9a6497afebd653404bd1db559f13f72b172c3da034740ddf", [:mix], [{:gun, "~> 1.3", [hex: :gun, repo: "hexpm", optional: false]}, {:poolboy, "~> 1.5", [hex: :poolboy, repo: "hexpm", optional: false]}], "hexpm", "ccbd53929756b69e4dfc762c770517438d7069931f115a4929614d3e5f3b81ee"},
  "meck": {:hex, :meck, "0.8.13", "ffedb39f99b0b99703b8601c6f17c7f76313ee12de6b646e671e3188401f7866", [:rebar3], [], "hexpm", "d34f013c156db51ad57cc556891b9720e6a1c1df5fe2e15af999c84d6cebeb1a"},
  "mime": {:hex, :mime, "1.3.1", "30ce04ab3175b6ad0bdce0035cba77bba68b813d523d1aac73d9781b4d193cf8", [:mix], [], "hexpm", "6cbe761d6a0ca5a31a0931bf4c63204bceb64538e664a8ecf784a9a6f3b875f1"},
  "mock": {:hex, :mock, "0.3.4", "c5862eb3b8c64237f45f586cf00c9d892ba07bb48305a43319d428ce3c2897dd", [:mix], [{:meck, "~> 0.8.13", [hex: :meck, repo: "hexpm", optional: false]}], "hexpm", "e6d886252f1a41f4ba06ecf2b4c8d38760b34b1c08a11c28f7397b2e03995964"},
  "mox": {:hex, :mox, "0.5.2", "55a0a5ba9ccc671518d068c8dddd20eeb436909ea79d1799e2209df7eaa98b6c", [:mix], [], "hexpm", "df4310628cd628ee181df93f50ddfd07be3e5ecc30232d3b6aadf30bdfe6092b"},
  "plug": {:hex, :plug, "1.10.0", "6508295cbeb4c654860845fb95260737e4a8838d34d115ad76cd487584e2fc4d", [:mix], [{:mime, "~> 1.0", [hex: :mime, repo: "hexpm", optional: false]}, {:plug_crypto, "~> 1.1.1 or ~> 1.2", [hex: :plug_crypto, repo: "hexpm", optional: false]}, {:telemetry, "~> 0.4", [hex: :telemetry, repo: "hexpm", optional: true]}], "hexpm", "422a9727e667be1bf5ab1de03be6fa0ad67b775b2d84ed908f3264415ef29d4a"},
  "plug_cowboy": {:hex, :plug_cowboy, "2.1.3", "38999a3e85e39f0e6bdfdf820761abac61edde1632cfebbacc445cdcb6ae1333", [:mix], [{:cowboy, "~> 2.5", [hex: :cowboy, repo: "hexpm", optional: false]}, {:plug, "~> 1.7", [hex: :plug, repo: "hexpm", optional: false]}], "hexpm", "056f41f814dbb38ea44613e0f613b3b2b2f2c6afce64126e252837669eba84db"},
  "plug_crypto": {:hex, :plug_crypto, "1.1.2", "bdd187572cc26dbd95b87136290425f2b580a116d3fb1f564216918c9730d227", [:mix], [], "hexpm", "6b8b608f895b6ffcfad49c37c7883e8df98ae19c6a28113b02aa1e9c5b22d6b5"},
  "poison": {:hex, :poison, "3.1.0", "d9eb636610e096f86f25d9a46f35a9facac35609a7591b3be3326e99a0484665", [:mix], [], "hexpm", "fec8660eb7733ee4117b85f55799fd3833eb769a6df71ccf8903e8dc5447cfce"},
  "poolboy": {:hex, :poolboy, "1.5.2", "392b007a1693a64540cead79830443abf5762f5d30cf50bc95cb2c1aaafa006b", [:rebar3], [], "hexpm", "dad79704ce5440f3d5a3681c8590b9dc25d1a561e8f5a9c995281012860901e3"},
  "ranch": {:hex, :ranch, "1.6.2", "6db93c78f411ee033dbb18ba8234c5574883acb9a75af0fb90a9b82ea46afa00", [:rebar3], [], "hexpm", "0b65d1de7f1ebe96feb57803c8d698f7776b663ba10b6dcff34527e4a4f8ff43"},
  "secure_random": {:hex, :secure_random, "0.5.1", "c5532b37c89d175c328f5196a0c2a5680b15ebce3e654da37129a9fe40ebf51b", [:mix], [], "hexpm", "1b9754f15e3940a143baafd19da12293f100044df69ea12db5d72878312ae6ab"},
  "sleeplocks": {:hex, :sleeplocks, "1.1.1", "3d462a0639a6ef36cc75d6038b7393ae537ab394641beb59830a1b8271faeed3", [:rebar3], [], "hexpm", "84ee37aeff4d0d92b290fff986d6a95ac5eedf9b383fadfd1d88e9b84a1c02e1"},
  "statix": {:hex, :statix, "1.4.0", "c822abd1e60e62828e8460e932515d0717aa3c089b44cc3f795d43b94570b3a8", [:mix], [], "hexpm", "507373cc80925a9b6856cb14ba17f6125552434314f6613c907d295a09d1a375"},
  "stump": {:hex, :stump, "1.6.2", "a3a3824e36647300f1f0ea3cf4ed604ba66cf915d578edb868c9c8b05b33cf6b", [:mix], [{:jason, "~> 1.1", [hex: :jason, repo: "hexpm", optional: false]}], "hexpm"},
  "sweet_xml": {:hex, :sweet_xml, "0.6.6", "fc3e91ec5dd7c787b6195757fbcf0abc670cee1e4172687b45183032221b66b8", [:mix], [], "hexpm", "2e1ec458f892ffa81f9f8386e3f35a1af6db7a7a37748a64478f13163a1f3573"},
  "tabula": {:hex, :tabula, "2.1.1", "a04f908bddd596282e95e6469b0ac0fc163eb7c446db8ee6dbea106e5b2f7096", [:mix], [], "hexpm", "b7cc4a69180696a7870eab299402d9764737a0e89bb3cf7edc153fe40460ff3f"},
  "unsafe": {:hex, :unsafe, "1.0.1", "a27e1874f72ee49312e0a9ec2e0b27924214a05e3ddac90e91727bc76f8613d8", [:mix], [], "hexpm", "6c7729a2d214806450d29766abc2afaa7a2cbecf415be64f36a6691afebb50e5"},
  "uuid": {:hex, :uuid, "1.1.8", "e22fc04499de0de3ed1116b770c7737779f226ceefa0badb3592e64d5cfb4eb9", [:mix], [], "hexpm", "c790593b4c3b601f5dc2378baae7efaf5b3d73c4c6456ba85759905be792f2ac"},
  "x509": {:hex, :x509, "0.8.1", "901a72cb715aeb2f21739425cc0cff97ce975b6267811acb1fcee4ff10e7799c", [:mix], [], "hexpm", "30c6d9376c90c74490c80befea53cc0d07f05d48bb4ce9e472573a06b0aae008"},
}
