%{
  "artificery": {:hex, :artificery, "0.4.3", "0bc4260f988dcb9dda4b23f9fc3c6c8b99a6220a331534fdf5bf2fd0d4333b02", [:mix], [], "hexpm", "12e95333a30e20884e937abdbefa3e7f5e05609c2ba8cf37b33f000b9ffc0504"},
  "aws_ex_ray": {:hex, :aws_ex_ray, "0.1.16", "c087f5dac94dad1faf437644a5d464acc1a1ab48ff0c3bb4696f1be52e21ac26", [:mix], [{:poison, "~> 3.1", [hex: :poison, repo: "hexpm", optional: false]}, {:poolboy, "~> 1.5", [hex: :poolboy, repo: "hexpm", optional: false]}, {:secure_random, "~> 0.5", [hex: :secure_random, repo: "hexpm", optional: false]}], "hexpm", "9d46972fb605dea9d36000c9edb31bda4473d7d635b6c117bbb7edc311661806"},
  "benchee": {:hex, :benchee, "1.0.1", "66b211f9bfd84bd97e6d1beaddf8fc2312aaabe192f776e8931cb0c16f53a521", [:mix], [{:deep_merge, "~> 1.0", [hex: :deep_merge, repo: "hexpm", optional: false]}], "hexpm", "3ad58ae787e9c7c94dd7ceda3b587ec2c64604563e049b2a0e8baafae832addb"},
  "bunt": {:hex, :bunt, "0.2.0", "951c6e801e8b1d2cbe58ebbd3e616a869061ddadcc4863d0a2182541acae9a38", [:mix], [], "hexpm", "7af5c7e09fe1d40f76c8e4f9dd2be7cebd83909f31fee7cd0e9eadc567da8353"},
  "cachex": {:hex, :cachex, "3.3.0", "6f2ebb8f27491fe39121bd207c78badc499214d76c695658b19d6079beeca5c2", [:mix], [{:eternal, "~> 1.2", [hex: :eternal, repo: "hexpm", optional: false]}, {:jumper, "~> 1.0", [hex: :jumper, repo: "hexpm", optional: false]}, {:sleeplocks, "~> 1.1", [hex: :sleeplocks, repo: "hexpm", optional: false]}, {:unsafe, "~> 1.0", [hex: :unsafe, repo: "hexpm", optional: false]}], "hexpm", "d90e5ee1dde14cef33f6b187af4335b88748b72b30c038969176cd4e6ccc31a1"},
  "cowboy": {:hex, :cowboy, "2.8.0", "f3dc62e35797ecd9ac1b50db74611193c29815401e53bac9a5c0577bd7bc667d", [:rebar3], [{:cowlib, "~> 2.9.1", [hex: :cowlib, repo: "hexpm", optional: false]}, {:ranch, "~> 1.7.1", [hex: :ranch, repo: "hexpm", optional: false]}], "hexpm", "4643e4fba74ac96d4d152c75803de6fad0b3fa5df354c71afdd6cbeeb15fac8a"},
  "cowboy_telemetry": {:hex, :cowboy_telemetry, "0.3.1", "ebd1a1d7aff97f27c66654e78ece187abdc646992714164380d8a041eda16754", [:rebar3], [{:cowboy, "~> 2.7", [hex: :cowboy, repo: "hexpm", optional: false]}, {:telemetry, "~> 0.4", [hex: :telemetry, repo: "hexpm", optional: false]}], "hexpm", "3a6efd3366130eab84ca372cbd4a7d3c3a97bdfcfb4911233b035d117063f0af"},
  "cowlib": {:hex, :cowlib, "2.10.1", "5442eb6b4eb1eb7f34df38145ecb59ba15932fa6465c1c10dc47c7eb91dea8cd", [:make, :rebar3], [], "hexpm", "9b4271e10228e6877199f1d698eaa3b32e69ae82cc68e1443c5ca8e774089a44"},
  "credo": {:hex, :credo, "1.4.0", "92339d4cbadd1e88b5ee43d427b639b68a11071b6f73854e33638e30a0ea11f5", [:mix], [{:bunt, "~> 0.2.0", [hex: :bunt, repo: "hexpm", optional: false]}, {:jason, "~> 1.0", [hex: :jason, repo: "hexpm", optional: false]}], "hexpm", "1fd3b70dce216574ce3c18bdf510b57e7c4c85c2ec9cad4bff854abaf7e58658"},
  "crimpex": {:git, "https://github.com/bbc-news/Crimpex.git", "c73858882286b623dbf22027df7efd94ec029d59", []},
  "deep_merge": {:hex, :deep_merge, "1.0.0", "b4aa1a0d1acac393bdf38b2291af38cb1d4a52806cf7a4906f718e1feb5ee961", [:mix], [], "hexpm", "ce708e5f094b9cd4e8f2be4f00d2f4250c4095be93f8cd6d018c753894885430"},
  "distillery": {:hex, :distillery, "2.1.1", "f9332afc2eec8a1a2b86f22429e068ef35f84a93ea1718265e740d90dd367814", [:mix], [{:artificery, "~> 0.2", [hex: :artificery, repo: "hexpm", optional: false]}], "hexpm", "bbc7008b0161a6f130d8d903b5b3232351fccc9c31a991f8fcbf2a12ace22995"},
  "eljiffy": {:hex, :eljiffy, "1.3.0", "7e584be454c5ec3fc3ae472eedb4cb2185e9ed6cd863df383ef601de3f3b27fd", [:mix], [{:jiffy, "~> 1.0", [hex: :jiffy, repo: "hexpm", optional: false]}], "hexpm", "90420512d60fb45bc9c09221b4d89cc539c9bfefc1c62f24cb3e2cb13acf2215"},
  "eternal": {:hex, :eternal, "1.2.2", "d1641c86368de99375b98d183042dd6c2b234262b8d08dfd72b9eeaafc2a1abd", [:mix], [], "hexpm", "2c9fe32b9c3726703ba5e1d43a1d255a4f3f2d8f8f9bc19f094c7cb1a7a9e782"},
  "ex_aws": {:git, "https://github.com/ex-aws/ex_aws", "9dbb11ce5b9c0c2974b7c86ac32f1dbc983b08a2", [ref: "9dbb11ce5b9c0c2974b7c86ac32f1dbc983b08a2"]},
  "ex_aws_lambda": {:hex, :ex_aws_lambda, "2.0.2", "77c749e4c4c36fb607639519a2e6b2037ec5986be52add632c1f5f5b9932089b", [:mix], [{:ex_aws, "~> 2.0", [hex: :ex_aws, repo: "hexpm", optional: false]}], "hexpm", "4e47a9b0bdd3ec993f812e6ef87ad8d1a652e4ffadb8d7c2632e90bd4a4d1fe2"},
  "ex_aws_sts": {:git, "https://github.com/ex-aws/ex_aws_sts.git", "6ac699be1a4cccd8cd9ee34290fbc2d8c29fd66e", []},
  "ex_metrics": {:git, "https://github.com/bbc/ExMetrics.git", "55e6b3c169ab3272e42df85fa8d83a324dd79b25", []},
  "file_system": {:hex, :file_system, "0.2.10", "fb082005a9cd1711c05b5248710f8826b02d7d1784e7c3451f9c1231d4fc162d", [:mix], [], "hexpm", "41195edbfb562a593726eda3b3e8b103a309b733ad25f3d642ba49696bf715dc"},
  "gun": {:hex, :gun, "1.3.3", "cf8b51beb36c22b9c8df1921e3f2bc4d2b1f68b49ad4fbc64e91875aa14e16b4", [:rebar3], [{:cowlib, "~> 2.7.0", [hex: :cowlib, repo: "hexpm", optional: false]}], "hexpm", "3106ce167f9c9723f849e4fb54ea4a4d814e3996ae243a1c828b256e749041e0"},
  "jason": {:hex, :jason, "1.2.2", "ba43e3f2709fd1aa1dce90aaabfd039d000469c05c56f0b8e31978e03fa39052", [:mix], [{:decimal, "~> 1.0 or ~> 2.0", [hex: :decimal, repo: "hexpm", optional: true]}], "hexpm", "18a228f5f0058ee183f29f9eae0805c6e59d61c3b006760668d8d18ff0d12179"},
  "jiffy": {:hex, :jiffy, "1.0.8", "60e36f00be35e5ac6e6cf2d4caf3bdf3103d4460aff385f543a8d7df2d6d9613", [:rebar3], [], "hexpm", "f9ae986ba5a0854eb48cf6a76192d9367086da86c20197da430630be7c087a4e"},
  "joken": {:hex, :joken, "2.3.0", "62a979c46f2c81dcb8ddc9150453b60d3757d1ac393c72bb20fc50a7b0827dc6", [:mix], [{:jose, "~> 1.10", [hex: :jose, repo: "hexpm", optional: false]}], "hexpm", "57b263a79c0ec5d536ac02d569c01e6b4de91bd1cb825625fe90eab4feb7bc1e"},
  "jose": {:hex, :jose, "1.11.1", "59da64010c69aad6cde2f5b9248b896b84472e99bd18f246085b7b9fe435dcdb", [:mix, :rebar3], [], "hexpm", "078f6c9fb3cd2f4cfafc972c814261a7d1e8d2b3685c0a76eb87e158efff1ac5"},
  "jumper": {:hex, :jumper, "1.0.1", "3c00542ef1a83532b72269fab9f0f0c82bf23a35e27d278bfd9ed0865cecabff", [:mix], [], "hexpm", "318c59078ac220e966d27af3646026db9b5a5e6703cb2aa3e26bcfaba65b7433"},
  "logger_file_backend": {:hex, :logger_file_backend, "0.0.11", "3bbc5f31d3669e8d09d7a9443e86056fae7fc18e45c6f748c33b8c79a7e147a1", [:mix], [], "hexpm", "62be826f04644c62b0a2bc98a13e2e7ae52c0a4eda020f4c59d7287356d5e445"},
  "machine_gun": {:hex, :machine_gun, "0.1.8", "d356d209371063849cdb6086ec0e8f8c6347931a7aff2fa9a0d3dcae0ea8f6c8", [:mix], [{:gun, "~> 1.3", [hex: :gun, repo: "hexpm", optional: false]}, {:poolboy, "~> 1.5", [hex: :poolboy, repo: "hexpm", optional: false]}], "hexpm", "12b1b9d51d4f47f0d1cd401ad601969534fa3b6257dcb842b48beda94ff3804f"},
  "meck": {:hex, :meck, "0.8.13", "ffedb39f99b0b99703b8601c6f17c7f76313ee12de6b646e671e3188401f7866", [:rebar3], [], "hexpm", "d34f013c156db51ad57cc556891b9720e6a1c1df5fe2e15af999c84d6cebeb1a"},
  "mime": {:hex, :mime, "1.6.0", "dabde576a497cef4bbdd60aceee8160e02a6c89250d6c0b29e56c0dfb00db3d2", [:mix], [], "hexpm", "31a1a8613f8321143dde1dafc36006a17d28d02bdfecb9e95a880fa7aabd19a7"},
  "mock": {:hex, :mock, "0.3.6", "e810a91fabc7adf63ab5fdbec5d9d3b492413b8cda5131a2a8aa34b4185eb9b4", [:mix], [{:meck, "~> 0.8.13", [hex: :meck, repo: "hexpm", optional: false]}], "hexpm", "bcf1d0a6826fb5aee01bae3d74474669a3fa8b2df274d094af54a25266a1ebd2"},
  "mox": {:git, "https://github.com/plataformatec/mox", "4dd4c9bed572c9ec8e9dd992b1079a895ceeacc2", [ref: "4dd4c9bed572c9ec8e9dd992b1079a895ceeacc2"]},
  "observer_cli": {:hex, :observer_cli, "1.6.2", "016588e9a966247401bcbf02976d468f1e6f06891dde44f873c9259c6496cca1", [:mix, :rebar3], [{:recon, "~>2.5.1", [hex: :recon, repo: "hexpm", optional: false]}], "hexpm", "c23db9e4cca0e849adc42b0a099affb9e6267c5f23a871fc6f144348b249341f"},
  "plug": {:hex, :plug, "1.11.1", "f2992bac66fdae679453c9e86134a4201f6f43a687d8ff1cd1b2862d53c80259", [:mix], [{:mime, "~> 1.0", [hex: :mime, repo: "hexpm", optional: false]}, {:plug_crypto, "~> 1.1.1 or ~> 1.2", [hex: :plug_crypto, repo: "hexpm", optional: false]}, {:telemetry, "~> 0.4", [hex: :telemetry, repo: "hexpm", optional: false]}], "hexpm", "23524e4fefbb587c11f0833b3910bfb414bf2e2534d61928e920f54e3a1b881f"},
  "plug_cowboy": {:hex, :plug_cowboy, "2.5.0", "51c998f788c4e68fc9f947a5eba8c215fbb1d63a520f7604134cab0270ea6513", [:mix], [{:cowboy, "~> 2.7", [hex: :cowboy, repo: "hexpm", optional: false]}, {:cowboy_telemetry, "~> 0.3", [hex: :cowboy_telemetry, repo: "hexpm", optional: false]}, {:plug, "~> 1.7", [hex: :plug, repo: "hexpm", optional: false]}, {:telemetry, "~> 0.4", [hex: :telemetry, repo: "hexpm", optional: false]}], "hexpm", "5b2c8925a5e2587446f33810a58c01e66b3c345652eeec809b76ba007acde71a"},
  "plug_crypto": {:hex, :plug_crypto, "1.2.2", "05654514ac717ff3a1843204b424477d9e60c143406aa94daf2274fdd280794d", [:mix], [], "hexpm", "87631c7ad914a5a445f0a3809f99b079113ae4ed4b867348dd9eec288cecb6db"},
  "poison": {:hex, :poison, "4.0.1", "bcb755a16fac91cad79bfe9fc3585bb07b9331e50cfe3420a24bcc2d735709ae", [:mix], [], "hexpm", "ba8836feea4b394bb718a161fc59a288fe0109b5006d6bdf97b6badfcf6f0f25"},
  "poolboy": {:hex, :poolboy, "1.5.2", "392b007a1693a64540cead79830443abf5762f5d30cf50bc95cb2c1aaafa006b", [:rebar3], [], "hexpm", "dad79704ce5440f3d5a3681c8590b9dc25d1a561e8f5a9c995281012860901e3"},
  "ranch": {:hex, :ranch, "1.7.1", "6b1fab51b49196860b733a49c07604465a47bdb78aa10c1c16a3d199f7f8c881", [:rebar3], [], "hexpm", "451d8527787df716d99dc36162fca05934915db0b6141bbdac2ea8d3c7afc7d7"},
  "recon": {:hex, :recon, "2.5.1", "430ffa60685ac1efdfb1fe4c97b8767c92d0d92e6e7c3e8621559ba77598678a", [:mix, :rebar3], [], "hexpm", "5721c6b6d50122d8f68cccac712caa1231f97894bab779eff5ff0f886cb44648"},
  "secure_random": {:hex, :secure_random, "0.5.1", "c5532b37c89d175c328f5196a0c2a5680b15ebce3e654da37129a9fe40ebf51b", [:mix], [], "hexpm", "1b9754f15e3940a143baafd19da12293f100044df69ea12db5d72878312ae6ab"},
  "sleeplocks": {:hex, :sleeplocks, "1.1.1", "3d462a0639a6ef36cc75d6038b7393ae537ab394641beb59830a1b8271faeed3", [:rebar3], [], "hexpm", "84ee37aeff4d0d92b290fff986d6a95ac5eedf9b383fadfd1d88e9b84a1c02e1"},
  "statix": {:hex, :statix, "1.4.0", "c822abd1e60e62828e8460e932515d0717aa3c089b44cc3f795d43b94570b3a8", [:mix], [], "hexpm", "507373cc80925a9b6856cb14ba17f6125552434314f6613c907d295a09d1a375"},
  "stump": {:hex, :stump, "1.7.0", "129d0ea4a1c28dadd0752fbf2f2c782c6892e289a1bad216ee0ef48948fc995a", [:mix], [{:jason, "~> 1.1", [hex: :jason, repo: "hexpm", optional: false]}], "hexpm", "b4f663672bebd8274d5650bf4c86e6bf80edad453b22775e2ac51b003f091fe9"},
  "sweet_xml": {:hex, :sweet_xml, "0.6.6", "fc3e91ec5dd7c787b6195757fbcf0abc670cee1e4172687b45183032221b66b8", [:mix], [], "hexpm", "2e1ec458f892ffa81f9f8386e3f35a1af6db7a7a37748a64478f13163a1f3573"},
  "tabula": {:hex, :tabula, "2.2.2", "14ae0db481b3e21feb95e28f968e30092b0ec706eacc837f1b3d4f8c4b86fca0", [:mix], [], "hexpm", "1d0b58a5af3491264538dfdd38e24dc8364d350f424ffe191d66cacd4b3a2d09"},
  "telemetry": {:hex, :telemetry, "0.4.3", "a06428a514bdbc63293cd9a6263aad00ddeb66f608163bdec7c8995784080818", [:rebar3], [], "hexpm", "eb72b8365ffda5bed68a620d1da88525e326cb82a75ee61354fc24b844768041"},
  "telemetry_metrics": {:hex, :telemetry_metrics, "0.6.0", "da9d49ee7e6bb1c259d36ce6539cd45ae14d81247a2b0c90edf55e2b50507f7b", [:mix], [{:telemetry, "~> 0.4", [hex: :telemetry, repo: "hexpm", optional: false]}], "hexpm", "5cfe67ad464b243835512aa44321cee91faed6ea868d7fb761d7016e02915c3d"},
  "telemetry_metrics_statsd": {:hex, :telemetry_metrics_statsd, "0.5.0", "e8c95f9d7e581b85ed30c9b87eaec915bd9c8621cf1a92cf62187a95b1cd5df7", [:mix], [{:telemetry_metrics, "~> 0.5", [hex: :telemetry_metrics, repo: "hexpm", optional: false]}], "hexpm", "cfd4489888514f227bc1c8c29fe4e5092605f1961abd26ac1f7eb74e007e0dd7"},
  "telemetry_poller": {:hex, :telemetry_poller, "0.5.1", "21071cc2e536810bac5628b935521ff3e28f0303e770951158c73eaaa01e962a", [:rebar3], [{:telemetry, "~> 0.4", [hex: :telemetry, repo: "hexpm", optional: false]}], "hexpm", "4cab72069210bc6e7a080cec9afffad1b33370149ed5d379b81c7c5f0c663fd4"},
  "unsafe": {:hex, :unsafe, "1.0.1", "a27e1874f72ee49312e0a9ec2e0b27924214a05e3ddac90e91727bc76f8613d8", [:mix], [], "hexpm", "6c7729a2d214806450d29766abc2afaa7a2cbecf415be64f36a6691afebb50e5"},
  "uuid": {:hex, :uuid, "1.1.8", "e22fc04499de0de3ed1116b770c7737779f226ceefa0badb3592e64d5cfb4eb9", [:mix], [], "hexpm", "c790593b4c3b601f5dc2378baae7efaf5b3d73c4c6456ba85759905be792f2ac"},
  "x509": {:hex, :x509, "0.8.2", "27b11ae9637dc5cfea18e6547c4c5a0fce8af024851260223d00fe0755dcf372", [:mix], [], "hexpm", "36b92a8305d034b6e1819b61890676beaba221692065e30611d0c92e8a978c7c"},
}
